
Microsoft Visual Studio Solution File, Format Version 12.00
# Visual Studio Version 17
VisualStudioVersion = 17.4.33205.214
MinimumVisualStudioVersion = 10.0.40219.1
Project("{8BC9CEB8-8B4A-11D0-8D11-00A0C91BC942}") = "TD8", "TD8\TD8.vcxproj", "{B6BFB323-4A65-47E6-B005-3DD2F42DB76E}"
EndProject
Global
	GlobalSection(SolutionConfigurationPlatforms) = preSolution
		Debug|x64 = Debug|x64
		Debug|x86 = Debug|x86
		Release|x64 = Release|x64
		Release|x86 = Release|x86
	EndGlobalSection
	GlobalSection(ProjectConfigurationPlatforms) = postSolution
		{B6BFB323-4A65-47E6-B005-3DD2F42DB76E}.Debug|x64.ActiveCfg = Debug|x64
		{B6BFB323-4A65-47E6-B005-3DD2F42DB76E}.Debug|x64.Build.0 = Debug|x64
		{B6BFB323-4A65-47E6-B005-3DD2F42DB76E}.Debug|x86.ActiveCfg = Debug|Win32
		{B6BFB323-4A65-47E6-B005-3DD2F42DB76E}.Debug|x86.Build.0 = Debug|Win32
		{B6BFB323-4A65-47E6-B005-3DD2F42DB76E}.Release|x64.ActiveCfg = Release|x64
		{B6BFB323-4A65-47E6-B005-3DD2F42DB76E}.Release|x64.Build.0 = Release|x64
		{B6BFB323-4A65-47E6-B005-3DD2F42DB76E}.Release|x86.ActiveCfg = Release|Win32
		{B6BFB323-4A65-47E6-B005-3DD2F42DB76E}.Release|x86.Build.0 = Release|Win32
	EndGlobalSection
	GlobalSection(SolutionProperties) = preSolution
		HideSolutionNode = FALSE
	EndGlobalSection
	GlobalSection(ExtensibilityGlobals) = postSolution
		SolutionGuid = {8ACB7757-9EEB-4E6D-9648-E2A392808B33}
	EndGlobalSection
EndGlobal
