
Microsoft Visual Studio Solution File, Format Version 12.00
# Visual Studio Version 17
VisualStudioVersion = 17.4.33205.214
MinimumVisualStudioVersion = 10.0.40219.1
Project("{8BC9CEB8-8B4A-11D0-8D11-00A0C91BC942}") = "TP21.3", "TP21.3\TP21.3.vcxproj", "{65F950EF-73CE-4265-AAF9-50EC1307D49A}"
EndProject
Global
	GlobalSection(SolutionConfigurationPlatforms) = preSolution
		Debug|x64 = Debug|x64
		Debug|x86 = Debug|x86
		Release|x64 = Release|x64
		Release|x86 = Release|x86
	EndGlobalSection
	GlobalSection(ProjectConfigurationPlatforms) = postSolution
		{65F950EF-73CE-4265-AAF9-50EC1307D49A}.Debug|x64.ActiveCfg = Debug|x64
		{65F950EF-73CE-4265-AAF9-50EC1307D49A}.Debug|x64.Build.0 = Debug|x64
		{65F950EF-73CE-4265-AAF9-50EC1307D49A}.Debug|x86.ActiveCfg = Debug|Win32
		{65F950EF-73CE-4265-AAF9-50EC1307D49A}.Debug|x86.Build.0 = Debug|Win32
		{65F950EF-73CE-4265-AAF9-50EC1307D49A}.Release|x64.ActiveCfg = Release|x64
		{65F950EF-73CE-4265-AAF9-50EC1307D49A}.Release|x64.Build.0 = Release|x64
		{65F950EF-73CE-4265-AAF9-50EC1307D49A}.Release|x86.ActiveCfg = Release|Win32
		{65F950EF-73CE-4265-AAF9-50EC1307D49A}.Release|x86.Build.0 = Release|Win32
	EndGlobalSection
	GlobalSection(SolutionProperties) = preSolution
		HideSolutionNode = FALSE
	EndGlobalSection
	GlobalSection(ExtensibilityGlobals) = postSolution
		SolutionGuid = {289C03F7-4DDA-4DD4-AA0E-A4BF76B8E1BD}
	EndGlobalSection
EndGlobal
